{
  "name": "stdesm-graphql",
  "version": "1.0.0",
  "lockfileVersion": 1,
  "requires": true,
  "dependencies": {
    "@std/esm": {
      "version": "0.22.0",
      "resolved": "https://registry.npmjs.org/@std/esm/-/esm-0.22.0.tgz",
      "integrity": "sha512-05wcYXG9GW/1Y+PeO+SzI8K+gt7Ylk0p9FvtlyrbxvugCnzy6rdrn1KPO0NsQVbc4VRlVthBnUNCZgADY164vg=="
    },
    "apollo-cache-control": {
      "version": "0.0.9",
      "resolved": "https://registry.npmjs.org/apollo-cache-control/-/apollo-cache-control-0.0.9.tgz",
      "integrity": "sha512-bspKyM9gBDxv2nnKPSErzzZiSOdvRXnHwS/3gwBucZG1Dz5U4H6xyPtCx754/YfRto1yT9bUMc7vW85jJ/acOA==",
      "requires": {
        "graphql-extensions": "0.0.8"
      }
    },
    "apollo-server-core": {
      "version": "1.3.2",
      "resolved": "https://registry.npmjs.org/apollo-server-core/-/apollo-server-core-1.3.2.tgz",
      "integrity": "sha1-82hVo+vcLXe4ucRUOAvx1wYQX/w=",
      "requires": {
        "apollo-cache-control": "0.0.9",
        "apollo-tracing": "0.1.3",
        "graphql-extensions": "0.0.8"
      }
    },
    "apollo-server-hapi": {
      "version": "1.3.2",
      "resolved": "https://registry.npmjs.org/apollo-server-hapi/-/apollo-server-hapi-1.3.2.tgz",
      "integrity": "sha1-uK+QHlfRz91kZ0XFxVhxOKZg+Ps=",
      "requires": {
        "apollo-server-core": "1.3.2",
        "apollo-server-module-graphiql": "1.3.2",
        "boom": "7.1.1"
      }
    },
    "apollo-server-module-graphiql": {
      "version": "1.3.2",
      "resolved": "https://registry.npmjs.org/apollo-server-module-graphiql/-/apollo-server-module-graphiql-1.3.2.tgz",
      "integrity": "sha1-Cp5MSN7OOvkE/uMz+V97mBczXKc="
    },
    "apollo-tracing": {
      "version": "0.1.3",
      "resolved": "https://registry.npmjs.org/apollo-tracing/-/apollo-tracing-0.1.3.tgz",
      "integrity": "sha512-LZhSDL4oe9iNkedzJk6tQ6zLXmw/lwCvB0HDZyJjdp8rqrW+RN0Fk6MmZtNq9Z0olwOUh8EN3vIpzLwR3CJTrw==",
      "requires": {
        "graphql-extensions": "0.0.8"
      }
    },
    "boom": {
      "version": "7.1.1",
      "resolved": "https://registry.npmjs.org/boom/-/boom-7.1.1.tgz",
      "integrity": "sha512-qwEARHTliqgEQiVkzKkkbLt3q0vRPIW60VRZ8zRnbjsm7INkPe9NxfAYDDYLZOdhxyUHa1gIe639Cx7t6RH/4A==",
      "requires": {
        "hoek": "5.0.3"
      }
    },
    "core-js": {
      "version": "2.5.3",
      "resolved": "https://registry.npmjs.org/core-js/-/core-js-2.5.3.tgz",
      "integrity": "sha1-isw4NFgk8W2DZbfJtCWRaOjtYD4="
    },
    "graphql": {
      "version": "0.13.1",
      "resolved": "https://registry.npmjs.org/graphql/-/graphql-0.13.1.tgz",
      "integrity": "sha512-awNp3LTrQ7dJDSX3p3PBuxNDC+WFSOrWeV6+l4Xeh2PQJVOFyQ9SZPonXRz2WZc7aIxLZsf2nDZuuuc0qyEq/A==",
      "requires": {
        "iterall": "1.2.0"
      }
    },
    "graphql-extensions": {
      "version": "0.0.8",
      "resolved": "https://registry.npmjs.org/graphql-extensions/-/graphql-extensions-0.0.8.tgz",
      "integrity": "sha512-9Ew7qfzkcsV2zrW4OJrdEcFKWAM3hsEhnp4Hbx9RGJ/uZvzDzR1uNUI5wQtjmWfMOj/QvVbwSeNA48PxYAGiBw==",
      "requires": {
        "core-js": "2.5.3",
        "source-map-support": "0.5.3"
      }
    },
    "hoek": {
      "version": "5.0.3",
      "resolved": "https://registry.npmjs.org/hoek/-/hoek-5.0.3.tgz",
      "integrity": "sha512-Bmr56pxML1c9kU+NS51SMFkiVQAb+9uFfXwyqR2tn4w2FPvmPt65eZ9aCcEfRXd9G74HkZnILC6p967pED4aiw=="
    },
    "iterall": {
      "version": "1.2.0",
      "resolved": "https://registry.npmjs.org/iterall/-/iterall-1.2.0.tgz",
      "integrity": "sha512-FB8k5B8otDib0rFysEP5G/oOY6aBF48Y9crLxyZ43eHsk/SfMVH1JqvzU0badSu/WR5nkk3ihp8VQlyBP3SJxg=="
    },
    "source-map": {
      "version": "0.6.1",
      "resolved": "https://registry.npmjs.org/source-map/-/source-map-0.6.1.tgz",
      "integrity": "sha512-UjgapumWlbMhkBgzT7Ykc5YXUT46F0iKu8SGXq0bcwP5dz/h0Plj6enJqjz1Zbq2l5WaqYnrVbwWOWMyF3F47g=="
    },
    "source-map-support": {
      "version": "0.5.3",
      "resolved": "https://registry.npmjs.org/source-map-support/-/source-map-support-0.5.3.tgz",
      "integrity": "sha512-eKkTgWYeBOQqFGXRfKabMFdnWepo51vWqEdoeikaEPFiJC7MCU5j2h4+6Q8npkZTeLGbSyecZvRxiSoWl3rh+w==",
      "requires": {
        "source-map": "0.6.1"
      }
    }
  }
}
